
Microsoft Visual Studio Solution File, Format Version 12.00
# Visual Studio 15
Project("{FAE04EC0-301F-11D3-BF4B-00C04F79EFBC}") = "Assembly-CSharp", "Assembly-CSharp.csproj", "{78EE6E92-ADAD-1D3B-9D15-5D6BA2CCB4D7}"
EndProject
Project("{FAE04EC0-301F-11D3-BF4B-00C04F79EFBC}") = "Assembly-CSharp-firstpass", "Assembly-CSharp-firstpass.csproj", "{749D1848-1BDB-E350-13BA-4476348AE9D8}"
EndProject
Project("{FAE04EC0-301F-11D3-BF4B-00C04F79EFBC}") = "Assembly-CSharp-Editor", "Assembly-CSharp-Editor.csproj", "{4E03F3CE-1054-61E6-9687-D043FEDC08CF}"
EndProject
Global
	GlobalSection(SolutionConfigurationPlatforms) = preSolution
		Debug|Any CPU = Debug|Any CPU
		Release|Any CPU = Release|Any CPU
	EndGlobalSection
	GlobalSection(ProjectConfigurationPlatforms) = postSolution
		{78EE6E92-ADAD-1D3B-9D15-5D6BA2CCB4D7}.Debug|Any CPU.ActiveCfg = Debug|Any CPU
		{78EE6E92-ADAD-1D3B-9D15-5D6BA2CCB4D7}.Debug|Any CPU.Build.0 = Debug|Any CPU
		{78EE6E92-ADAD-1D3B-9D15-5D6BA2CCB4D7}.Release|Any CPU.ActiveCfg = Release|Any CPU
		{78EE6E92-ADAD-1D3B-9D15-5D6BA2CCB4D7}.Release|Any CPU.Build.0 = Release|Any CPU
		{749D1848-1BDB-E350-13BA-4476348AE9D8}.Debug|Any CPU.ActiveCfg = Debug|Any CPU
		{749D1848-1BDB-E350-13BA-4476348AE9D8}.Debug|Any CPU.Build.0 = Debug|Any CPU
		{749D1848-1BDB-E350-13BA-4476348AE9D8}.Release|Any CPU.ActiveCfg = Release|Any CPU
		{749D1848-1BDB-E350-13BA-4476348AE9D8}.Release|Any CPU.Build.0 = Release|Any CPU
		{4E03F3CE-1054-61E6-9687-D043FEDC08CF}.Debug|Any CPU.ActiveCfg = Debug|Any CPU
		{4E03F3CE-1054-61E6-9687-D043FEDC08CF}.Debug|Any CPU.Build.0 = Debug|Any CPU
		{4E03F3CE-1054-61E6-9687-D043FEDC08CF}.Release|Any CPU.ActiveCfg = Release|Any CPU
		{4E03F3CE-1054-61E6-9687-D043FEDC08CF}.Release|Any CPU.Build.0 = Release|Any CPU
	EndGlobalSection
	GlobalSection(SolutionProperties) = preSolution
		HideSolutionNode = FALSE
	EndGlobalSection
EndGlobal
